
Microsoft Visual Studio Solution File, Format Version 12.00
# Visual Studio Version 17
VisualStudioVersion = 17.5.33516.290
MinimumVisualStudioVersion = 10.0.40219.1
Project("{FAE04EC0-301F-11D3-BF4B-00C04F79EFBC}") = "Clases", "Clases\Clases.csproj", "{4A64734C-E5C2-418A-B868-AC73F84F432D}"
EndProject
Project("{FAE04EC0-301F-11D3-BF4B-00C04F79EFBC}") = "Main", "Main\Main.csproj", "{BDE8FCA7-5F52-407E-9914-FEBB27DE140E}"
EndProject
Global
	GlobalSection(SolutionConfigurationPlatforms) = preSolution
		Debug|Any CPU = Debug|Any CPU
		Release|Any CPU = Release|Any CPU
	EndGlobalSection
	GlobalSection(ProjectConfigurationPlatforms) = postSolution
		{4A64734C-E5C2-418A-B868-AC73F84F432D}.Debug|Any CPU.ActiveCfg = Debug|Any CPU
		{4A64734C-E5C2-418A-B868-AC73F84F432D}.Debug|Any CPU.Build.0 = Debug|Any CPU
		{4A64734C-E5C2-418A-B868-AC73F84F432D}.Release|Any CPU.ActiveCfg = Release|Any CPU
		{4A64734C-E5C2-418A-B868-AC73F84F432D}.Release|Any CPU.Build.0 = Release|Any CPU
		{BDE8FCA7-5F52-407E-9914-FEBB27DE140E}.Debug|Any CPU.ActiveCfg = Debug|Any CPU
		{BDE8FCA7-5F52-407E-9914-FEBB27DE140E}.Debug|Any CPU.Build.0 = Debug|Any CPU
		{BDE8FCA7-5F52-407E-9914-FEBB27DE140E}.Release|Any CPU.ActiveCfg = Release|Any CPU
		{BDE8FCA7-5F52-407E-9914-FEBB27DE140E}.Release|Any CPU.Build.0 = Release|Any CPU
	EndGlobalSection
	GlobalSection(SolutionProperties) = preSolution
		HideSolutionNode = FALSE
	EndGlobalSection
	GlobalSection(ExtensibilityGlobals) = postSolution
		SolutionGuid = {34191628-5599-461E-946C-C8B5229A0DC6}
	EndGlobalSection
EndGlobal
