
Microsoft Visual Studio Solution File, Format Version 12.00
# Visual Studio Version 17
VisualStudioVersion = 17.5.33516.290
MinimumVisualStudioVersion = 10.0.40219.1
Project("{FAE04EC0-301F-11D3-BF4B-00C04F79EFBC}") = "suma", "suma\suma.csproj", "{6105B433-F7E1-45C2-80F1-588840C79E41}"
EndProject
Project("{FAE04EC0-301F-11D3-BF4B-00C04F79EFBC}") = "añoBisiesto", "añoBisiesto\añoBisiesto.csproj", "{58269752-982A-4528-BB03-94BF8FF23946}"
EndProject
Project("{FAE04EC0-301F-11D3-BF4B-00C04F79EFBC}") = "fibonacci", "fibonacci\fibonacci.csproj", "{9C3F5FEB-5B5F-4989-A519-A47377BD19D7}"
EndProject
Global
	GlobalSection(SolutionConfigurationPlatforms) = preSolution
		Debug|Any CPU = Debug|Any CPU
		Release|Any CPU = Release|Any CPU
	EndGlobalSection
	GlobalSection(ProjectConfigurationPlatforms) = postSolution
		{6105B433-F7E1-45C2-80F1-588840C79E41}.Debug|Any CPU.ActiveCfg = Debug|Any CPU
		{6105B433-F7E1-45C2-80F1-588840C79E41}.Debug|Any CPU.Build.0 = Debug|Any CPU
		{6105B433-F7E1-45C2-80F1-588840C79E41}.Release|Any CPU.ActiveCfg = Release|Any CPU
		{6105B433-F7E1-45C2-80F1-588840C79E41}.Release|Any CPU.Build.0 = Release|Any CPU
		{58269752-982A-4528-BB03-94BF8FF23946}.Debug|Any CPU.ActiveCfg = Debug|Any CPU
		{58269752-982A-4528-BB03-94BF8FF23946}.Debug|Any CPU.Build.0 = Debug|Any CPU
		{58269752-982A-4528-BB03-94BF8FF23946}.Release|Any CPU.ActiveCfg = Release|Any CPU
		{58269752-982A-4528-BB03-94BF8FF23946}.Release|Any CPU.Build.0 = Release|Any CPU
		{9C3F5FEB-5B5F-4989-A519-A47377BD19D7}.Debug|Any CPU.ActiveCfg = Debug|Any CPU
		{9C3F5FEB-5B5F-4989-A519-A47377BD19D7}.Debug|Any CPU.Build.0 = Debug|Any CPU
		{9C3F5FEB-5B5F-4989-A519-A47377BD19D7}.Release|Any CPU.ActiveCfg = Release|Any CPU
		{9C3F5FEB-5B5F-4989-A519-A47377BD19D7}.Release|Any CPU.Build.0 = Release|Any CPU
	EndGlobalSection
	GlobalSection(SolutionProperties) = preSolution
		HideSolutionNode = FALSE
	EndGlobalSection
	GlobalSection(ExtensibilityGlobals) = postSolution
		SolutionGuid = {B6C9380E-A494-45E1-9587-3653B1BB7A47}
	EndGlobalSection
EndGlobal
